
Microsoft Visual Studio Solution File, Format Version 12.00
# Visual Studio Version 16
VisualStudioVersion = 16.0.32929.386
MinimumVisualStudioVersion = 10.0.40219.1
Project("{FAE04EC0-301F-11D3-BF4B-00C04F79EFBC}") = "lab11_VP", "lab11_VP\lab11_VP.csproj", "{60D28209-7D0D-4618-9D7E-8F7A2BB08450}"
EndProject
Global
	GlobalSection(SolutionConfigurationPlatforms) = preSolution
		Debug|Any CPU = Debug|Any CPU
		Release|Any CPU = Release|Any CPU
	EndGlobalSection
	GlobalSection(ProjectConfigurationPlatforms) = postSolution
		{60D28209-7D0D-4618-9D7E-8F7A2BB08450}.Debug|Any CPU.ActiveCfg = Debug|Any CPU
		{60D28209-7D0D-4618-9D7E-8F7A2BB08450}.Debug|Any CPU.Build.0 = Debug|Any CPU
		{60D28209-7D0D-4618-9D7E-8F7A2BB08450}.Release|Any CPU.ActiveCfg = Release|Any CPU
		{60D28209-7D0D-4618-9D7E-8F7A2BB08450}.Release|Any CPU.Build.0 = Release|Any CPU
	EndGlobalSection
	GlobalSection(SolutionProperties) = preSolution
		HideSolutionNode = FALSE
	EndGlobalSection
	GlobalSection(ExtensibilityGlobals) = postSolution
		SolutionGuid = {B23F2EF0-C890-4C94-8390-106230AECA02}
	EndGlobalSection
EndGlobal
